
Microsoft Visual Studio Solution File, Format Version 12.00
# Visual Studio 2013
VisualStudioVersion = 12.0.21005.1
MinimumVisualStudioVersion = 10.0.40219.1
Project("{FAE04EC0-301F-11D3-BF4B-00C04F79EFBC}") = "TestAutomation_PACSSystem_Tests", "TestAutomation_PACSSystem\TestAutomation_PACSSystem_Tests.csproj", "{A27DDBFD-CFD6-4773-A33D-A4FDEAECE88D}"
EndProject
Project("{FAE04EC0-301F-11D3-BF4B-00C04F79EFBC}") = "TestAutomation_PACSSystem_Controls", "TestAutomation_PACSSystem_Controls\TestAutomation_PACSSystem_Controls.csproj", "{C586E0A6-7FFE-4F3E-9471-70CF90FCBE66}"
EndProject
Global
	GlobalSection(SolutionConfigurationPlatforms) = preSolution
		Debug|Any CPU = Debug|Any CPU
		Release|Any CPU = Release|Any CPU
	EndGlobalSection
	GlobalSection(ProjectConfigurationPlatforms) = postSolution
		{A27DDBFD-CFD6-4773-A33D-A4FDEAECE88D}.Debug|Any CPU.ActiveCfg = Debug|Any CPU
		{A27DDBFD-CFD6-4773-A33D-A4FDEAECE88D}.Debug|Any CPU.Build.0 = Debug|Any CPU
		{A27DDBFD-CFD6-4773-A33D-A4FDEAECE88D}.Release|Any CPU.ActiveCfg = Release|Any CPU
		{A27DDBFD-CFD6-4773-A33D-A4FDEAECE88D}.Release|Any CPU.Build.0 = Release|Any CPU
		{C586E0A6-7FFE-4F3E-9471-70CF90FCBE66}.Debug|Any CPU.ActiveCfg = Debug|Any CPU
		{C586E0A6-7FFE-4F3E-9471-70CF90FCBE66}.Debug|Any CPU.Build.0 = Debug|Any CPU
		{C586E0A6-7FFE-4F3E-9471-70CF90FCBE66}.Release|Any CPU.ActiveCfg = Release|Any CPU
		{C586E0A6-7FFE-4F3E-9471-70CF90FCBE66}.Release|Any CPU.Build.0 = Release|Any CPU
	EndGlobalSection
	GlobalSection(SolutionProperties) = preSolution
		HideSolutionNode = FALSE
	EndGlobalSection
EndGlobal
